// !$*UTF8*$!
{
	archiveVersion = 1;
	classes = {
	};
	objectVersion = 50;
	objects = {

/* Begin PBXBuildFile section */
		28DFAFDE20E4C41E006CC025 /* AppDelegate.swift in Sources */ = {isa = PBXBuildFile; fileRef = 28DFAFDD20E4C41E006CC025 /* AppDelegate.swift */; };
		28DFAFE020E4C41E006CC025 /* ViewController.swift in Sources */ = {isa = PBXBuildFile; fileRef = 28DFAFDF20E4C41E006CC025 /* ViewController.swift */; };
		28DFAFE320E4C41E006CC025 /* Main.storyboard in Resources */ = {isa = PBXBuildFile; fileRef = 28DFAFE120E4C41E006CC025 /* Main.storyboard */; };
		28DFAFE520E4C421006CC025 /* Assets.xcassets in Resources */ = {isa = PBXBuildFile; fileRef = 28DFAFE420E4C421006CC025 /* Assets.xcassets */; };
		28DFAFE820E4C421006CC025 /* LaunchScreen.storyboard in Resources */ = {isa = PBXBuildFile; fileRef = 28DFAFE620E4C421006CC025 /* LaunchScreen.storyboard */; };
		28DFAFF120E4C461006CC025 /* DYY_CycleView.swift in Sources */ = {isa = PBXBuildFile; fileRef = 28DFAFF020E4C461006CC025 /* DYY_CycleView.swift */; };
		28DFAFF320E4C4FF006CC025 /* DYY_CycleLayout.swift in Sources */ = {isa = PBXBuildFile; fileRef = 28DFAFF220E4C4FF006CC025 /* DYY_CycleLayout.swift */; };
		28DFAFF520E4C59F006CC025 /* DYY_PageControl.swift in Sources */ = {isa = PBXBuildFile; fileRef = 28DFAFF420E4C59F006CC025 /* DYY_PageControl.swift */; };
		28DFAFF720E4C83C006CC025 /* DYYCycleViewCell.swift in Sources */ = {isa = PBXBuildFile; fileRef = 28DFAFF620E4C83C006CC025 /* DYYCycleViewCell.swift */; };
		28DFAFF920E63561006CC025 /* back.png in Resources */ = {isa = PBXBuildFile; fileRef = 28DFAFF820E63561006CC025 /* back.png */; };
		4162B5D44D0071939AFB3C08 /* Pods_DYYCycleView.framework in Frameworks */ = {isa = PBXBuildFile; fileRef = DAD32E3BA1CA0AE108BF5EE1 /* Pods_DYYCycleView.framework */; };
/* End PBXBuildFile section */

/* Begin PBXFileReference section */
		28DFAFDA20E4C41E006CC025 /* DYYCycleView.app */ = {isa = PBXFileReference; explicitFileType = wrapper.application; includeInIndex = 0; path = DYYCycleView.app; sourceTree = BUILT_PRODUCTS_DIR; };
		28DFAFDD20E4C41E006CC025 /* AppDelegate.swift */ = {isa = PBXFileReference; lastKnownFileType = sourcecode.swift; path = AppDelegate.swift; sourceTree = "<group>"; };
		28DFAFDF20E4C41E006CC025 /* ViewController.swift */ = {isa = PBXFileReference; lastKnownFileType = sourcecode.swift; path = ViewController.swift; sourceTree = "<group>"; };
		28DFAFE220E4C41E006CC025 /* Base */ = {isa = PBXFileReference; lastKnownFileType = file.storyboard; name = Base; path = Base.lproj/Main.storyboard; sourceTree = "<group>"; };
		28DFAFE420E4C421006CC025 /* Assets.xcassets */ = {isa = PBXFileReference; lastKnownFileType = folder.assetcatalog; path = Assets.xcassets; sourceTree = "<group>"; };
		28DFAFE720E4C421006CC025 /* Base */ = {isa = PBXFileReference; lastKnownFileType = file.storyboard; name = Base; path = Base.lproj/LaunchScreen.storyboard; sourceTree = "<group>"; };
		28DFAFE920E4C421006CC025 /* Info.plist */ = {isa = PBXFileReference; lastKnownFileType = text.plist.xml; path = Info.plist; sourceTree = "<group>"; };
		28DFAFF020E4C461006CC025 /* DYY_CycleView.swift */ = {isa = PBXFileReference; lastKnownFileType = sourcecode.swift; path = DYY_CycleView.swift; sourceTree = "<group>"; };
		28DFAFF220E4C4FF006CC025 /* DYY_CycleLayout.swift */ = {isa = PBXFileReference; lastKnownFileType = sourcecode.swift; path = DYY_CycleLayout.swift; sourceTree = "<group>"; };
		28DFAFF420E4C59F006CC025 /* DYY_PageControl.swift */ = {isa = PBXFileReference; lastKnownFileType = sourcecode.swift; path = DYY_PageControl.swift; sourceTree = "<group>"; };
		28DFAFF620E4C83C006CC025 /* DYYCycleViewCell.swift */ = {isa = PBXFileReference; lastKnownFileType = sourcecode.swift; path = DYYCycleViewCell.swift; sourceTree = "<group>"; };
		28DFAFF820E63561006CC025 /* back.png */ = {isa = PBXFileReference; lastKnownFileType = image.png; path = back.png; sourceTree = "<group>"; };
		6EF3AD27497FDFCB5B45F7EE /* Pods-DYYCycleView.debug.xcconfig */ = {isa = PBXFileReference; includeInIndex = 1; lastKnownFileType = text.xcconfig; name = "Pods-DYYCycleView.debug.xcconfig"; path = "Pods/Target Support Files/Pods-DYYCycleView/Pods-DYYCycleView.debug.xcconfig"; sourceTree = "<group>"; };
		A74D0F1CB68CD8AF0737D881 /* Pods-DYYCycleView.release.xcconfig */ = {isa = PBXFileReference; includeInIndex = 1; lastKnownFileType = text.xcconfig; name = "Pods-DYYCycleView.release.xcconfig"; path = "Pods/Target Support Files/Pods-DYYCycleView/Pods-DYYCycleView.release.xcconfig"; sourceTree = "<group>"; };
		DAD32E3BA1CA0AE108BF5EE1 /* Pods_DYYCycleView.framework */ = {isa = PBXFileReference; explicitFileType = wrapper.framework; includeInIndex = 0; path = Pods_DYYCycleView.framework; sourceTree = BUILT_PRODUCTS_DIR; };
/* End PBXFileReference section */

/* Begin PBXFrameworksBuildPhase section */
		28DFAFD720E4C41E006CC025 /* Frameworks */ = {
			isa = PBXFrameworksBuildPhase;
			buildActionMask = 2147483647;
			files = (
				4162B5D44D0071939AFB3C08 /* Pods_DYYCycleView.framework in Frameworks */,
			);
			runOnlyForDeploymentPostprocessing = 0;
		};
/* End PBXFrameworksBuildPhase section */

/* Begin PBXGroup section */
		1859DF3363FC63BB68714EEB /* Frameworks */ = {
			isa = PBXGroup;
			children = (
				DAD32E3BA1CA0AE108BF5EE1 /* Pods_DYYCycleView.framework */,
			);
			name = Frameworks;
			sourceTree = "<group>";
		};
		28DFAFD120E4C41E006CC025 = {
			isa = PBXGroup;
			children = (
				28DFAFDC20E4C41E006CC025 /* DYYCycleView */,
				28DFAFDB20E4C41E006CC025 /* Products */,
				DE6EB01A0830D905C84FC64E /* Pods */,
				1859DF3363FC63BB68714EEB /* Frameworks */,
			);
			sourceTree = "<group>";
		};
		28DFAFDB20E4C41E006CC025 /* Products */ = {
			isa = PBXGroup;
			children = (
				28DFAFDA20E4C41E006CC025 /* DYYCycleView.app */,
			);
			name = Products;
			sourceTree = "<group>";
		};
		28DFAFDC20E4C41E006CC025 /* DYYCycleView */ = {
			isa = PBXGroup;
			children = (
				28DFAFF820E63561006CC025 /* back.png */,
				28DFAFEF20E4C42F006CC025 /* 轮播图 */,
				28DFAFDD20E4C41E006CC025 /* AppDelegate.swift */,
				28DFAFDF20E4C41E006CC025 /* ViewController.swift */,
				28DFAFE120E4C41E006CC025 /* Main.storyboard */,
				28DFAFE420E4C421006CC025 /* Assets.xcassets */,
				28DFAFE620E4C421006CC025 /* LaunchScreen.storyboard */,
				28DFAFE920E4C421006CC025 /* Info.plist */,
			);
			path = DYYCycleView;
			sourceTree = "<group>";
		};
		28DFAFEF20E4C42F006CC025 /* 轮播图 */ = {
			isa = PBXGroup;
			children = (
				28DFAFF020E4C461006CC025 /* DYY_CycleView.swift */,
				28DFAFF220E4C4FF006CC025 /* DYY_CycleLayout.swift */,
				28DFAFF420E4C59F006CC025 /* DYY_PageControl.swift */,
				28DFAFF620E4C83C006CC025 /* DYYCycleViewCell.swift */,
			);
			path = "轮播图";
			sourceTree = "<group>";
		};
		DE6EB01A0830D905C84FC64E /* Pods */ = {
			isa = PBXGroup;
			children = (
				6EF3AD27497FDFCB5B45F7EE /* Pods-DYYCycleView.debug.xcconfig */,
				A74D0F1CB68CD8AF0737D881 /* Pods-DYYCycleView.release.xcconfig */,
			);
			name = Pods;
			sourceTree = "<group>";
		};
/* End PBXGroup section */

/* Begin PBXNativeTarget section */
		28DFAFD920E4C41E006CC025 /* DYYCycleView */ = {
			isa = PBXNativeTarget;
			buildConfigurationList = 28DFAFEC20E4C421006CC025 /* Build configuration list for PBXNativeTarget "DYYCycleView" */;
			buildPhases = (
				4DAD8E76D0A14FE00EC0059F /* [CP] Check Pods Manifest.lock */,
				28DFAFD620E4C41E006CC025 /* Sources */,
				28DFAFD720E4C41E006CC025 /* Frameworks */,
				28DFAFD820E4C41E006CC025 /* Resources */,
				C4762A1F1E369E8BB4F3A6FD /* [CP] Embed Pods Frameworks */,
			);
			buildRules = (
			);
			dependencies = (
			);
			name = DYYCycleView;
			productName = DYYCycleView;
			productReference = 28DFAFDA20E4C41E006CC025 /* DYYCycleView.app */;
			productType = "com.apple.product-type.application";
		};
/* End PBXNativeTarget section */

/* Begin PBXProject section */
		28DFAFD220E4C41E006CC025 /* Project object */ = {
			isa = PBXProject;
			attributes = {
				LastSwiftUpdateCheck = 0930;
				LastUpgradeCheck = 0930;
				ORGANIZATIONNAME = dyy;
				TargetAttributes = {
					28DFAFD920E4C41E006CC025 = {
						CreatedOnToolsVersion = 9.3;
					};
				};
			};
			buildConfigurationList = 28DFAFD520E4C41E006CC025 /* Build configuration list for PBXProject "DYYCycleView" */;
			compatibilityVersion = "Xcode 9.3";
			developmentRegion = en;
			hasScannedForEncodings = 0;
			knownRegions = (
				en,
				Base,
			);
			mainGroup = 28DFAFD120E4C41E006CC025;
			productRefGroup = 28DFAFDB20E4C41E006CC025 /* Products */;
			projectDirPath = "";
			projectRoot = "";
			targets = (
				28DFAFD920E4C41E006CC025 /* DYYCycleView */,
			);
		};
/* End PBXProject section */

/* Begin PBXResourcesBuildPhase section */
		28DFAFD820E4C41E006CC025 /* Resources */ = {
			isa = PBXResourcesBuildPhase;
			buildActionMask = 2147483647;
			files = (
				28DFAFE820E4C421006CC025 /* LaunchScreen.storyboard in Resources */,
				28DFAFE520E4C421006CC025 /* Assets.xcassets in Resources */,
				28DFAFF920E63561006CC025 /* back.png in Resources */,
				28DFAFE320E4C41E006CC025 /* Main.storyboard in Resources */,
			);
			runOnlyForDeploymentPostprocessing = 0;
		};
/* End PBXResourcesBuildPhase section */

/* Begin PBXShellScriptBuildPhase section */
		4DAD8E76D0A14FE00EC0059F /* [CP] Check Pods Manifest.lock */ = {
			isa = PBXShellScriptBuildPhase;
			buildActionMask = 2147483647;
			files = (
			);
			inputPaths = (
				"${PODS_PODFILE_DIR_PATH}/Podfile.lock",
				"${PODS_ROOT}/Manifest.lock",
			);
			name = "[CP] Check Pods Manifest.lock";
			outputPaths = (
				"$(DERIVED_FILE_DIR)/Pods-DYYCycleView-checkManifestLockResult.txt",
			);
			runOnlyForDeploymentPostprocessing = 0;
			shellPath = /bin/sh;
			shellScript = "diff \"${PODS_PODFILE_DIR_PATH}/Podfile.lock\" \"${PODS_ROOT}/Manifest.lock\" > /dev/null\nif [ $? != 0 ] ; then\n    # print error to STDERR\n    echo \"error: The sandbox is not in sync with the Podfile.lock. Run 'pod install' or update your CocoaPods installation.\" >&2\n    exit 1\nfi\n# This output is used by Xcode 'outputs' to avoid re-running this script phase.\necho \"SUCCESS\" > \"${SCRIPT_OUTPUT_FILE_0}\"\n";
			showEnvVarsInLog = 0;
		};
		C4762A1F1E369E8BB4F3A6FD /* [CP] Embed Pods Frameworks */ = {
			isa = PBXShellScriptBuildPhase;
			buildActionMask = 2147483647;
			files = (
			);
			inputPaths = (
				"${SRCROOT}/Pods/Target Support Files/Pods-DYYCycleView/Pods-DYYCycleView-frameworks.sh",
				"${BUILT_PRODUCTS_DIR}/Kingfisher/Kingfisher.framework",
			);
			name = "[CP] Embed Pods Frameworks";
			outputPaths = (
				"${TARGET_BUILD_DIR}/${FRAMEWORKS_FOLDER_PATH}/Kingfisher.framework",
			);
			runOnlyForDeploymentPostprocessing = 0;
			shellPath = /bin/sh;
			shellScript = "\"${SRCROOT}/Pods/Target Support Files/Pods-DYYCycleView/Pods-DYYCycleView-frameworks.sh\"\n";
			showEnvVarsInLog = 0;
		};
/* End PBXShellScriptBuildPhase section */

/* Begin PBXSourcesBuildPhase section */
		28DFAFD620E4C41E006CC025 /* Sources */ = {
			isa = PBXSourcesBuildPhase;
			buildActionMask = 2147483647;
			files = (
				28DFAFF120E4C461006CC025 /* DYY_CycleView.swift in Sources */,
				28DFAFF520E4C59F006CC025 /* DYY_PageControl.swift in Sources */,
				28DFAFF720E4C83C006CC025 /* DYYCycleViewCell.swift in Sources */,
				28DFAFE020E4C41E006CC025 /* ViewController.swift in Sources */,
				28DFAFDE20E4C41E006CC025 /* AppDelegate.swift in Sources */,
				28DFAFF320E4C4FF006CC025 /* DYY_CycleLayout.swift in Sources */,
			);
			runOnlyForDeploymentPostprocessing = 0;
		};
/* End PBXSourcesBuildPhase section */

/* Begin PBXVariantGroup section */
		28DFAFE120E4C41E006CC025 /* Main.storyboard */ = {
			isa = PBXVariantGroup;
			children = (
				28DFAFE220E4C41E006CC025 /* Base */,
			);
			name = Main.storyboard;
			sourceTree = "<group>";
		};
		28DFAFE620E4C421006CC025 /* LaunchScreen.storyboard */ = {
			isa = PBXVariantGroup;
			children = (
				28DFAFE720E4C421006CC025 /* Base */,
			);
			name = LaunchScreen.storyboard;
			sourceTree = "<group>";
		};
/* End PBXVariantGroup section */

/* Begin XCBuildConfiguration section */
		28DFAFEA20E4C421006CC025 /* Debug */ = {
			isa = XCBuildConfiguration;
			buildSettings = {
				ALWAYS_SEARCH_USER_PATHS = NO;
				CLANG_ANALYZER_NONNULL = YES;
				CLANG_ANALYZER_NUMBER_OBJECT_CONVERSION = YES_AGGRESSIVE;
				CLANG_CXX_LANGUAGE_STANDARD = "gnu++14";
				CLANG_CXX_LIBRARY = "libc++";
				CLANG_ENABLE_MODULES = YES;
				CLANG_ENABLE_OBJC_ARC = YES;
				CLANG_ENABLE_OBJC_WEAK = YES;
				CLANG_WARN_BLOCK_CAPTURE_AUTORELEASING = YES;
				CLANG_WARN_BOOL_CONVERSION = YES;
				CLANG_WARN_COMMA = YES;
				CLANG_WARN_CONSTANT_CONVERSION = YES;
				CLANG_WARN_DEPRECATED_OBJC_IMPLEMENTATIONS = YES;
				CLANG_WARN_DIRECT_OBJC_ISA_USAGE = YES_ERROR;
				CLANG_WARN_DOCUMENTATION_COMMENTS = YES;
				CLANG_WARN_EMPTY_BODY = YES;
				CLANG_WARN_ENUM_CONVERSION = YES;
				CLANG_WARN_INFINITE_RECURSION = YES;
				CLANG_WARN_INT_CONVERSION = YES;
				CLANG_WARN_NON_LITERAL_NULL_CONVERSION = YES;
				CLANG_WARN_OBJC_IMPLICIT_RETAIN_SELF = YES;
				CLANG_WARN_OBJC_LITERAL_CONVERSION = YES;
				CLANG_WARN_OBJC_ROOT_CLASS = YES_ERROR;
				CLANG_WARN_RANGE_LOOP_ANALYSIS = YES;
				CLANG_WARN_STRICT_PROTOTYPES = YES;
				CLANG_WARN_SUSPICIOUS_MOVE = YES;
				CLANG_WARN_UNGUARDED_AVAILABILITY = YES_AGGRESSIVE;
				CLANG_WARN_UNREACHABLE_CODE = YES;
				CLANG_WARN__DUPLICATE_METHOD_MATCH = YES;
				CODE_SIGN_IDENTITY = "iPhone Developer";
				COPY_PHASE_STRIP = NO;
				DEBUG_INFORMATION_FORMAT = dwarf;
				ENABLE_STRICT_OBJC_MSGSEND = YES;
				ENABLE_TESTABILITY = YES;
				GCC_C_LANGUAGE_STANDARD = gnu11;
				GCC_DYNAMIC_NO_PIC = NO;
				GCC_NO_COMMON_BLOCKS = YES;
				GCC_OPTIMIZATION_LEVEL = 0;
				GCC_PREPROCESSOR_DEFINITIONS = (
					"DEBUG=1",
					"$(inherited)",
				);
				GCC_WARN_64_TO_32_BIT_CONVERSION = YES;
				GCC_WARN_ABOUT_RETURN_TYPE = YES_ERROR;
				GCC_WARN_UNDECLARED_SELECTOR = YES;
				GCC_WARN_UNINITIALIZED_AUTOS = YES_AGGRESSIVE;
				GCC_WARN_UNUSED_FUNCTION = YES;
				GCC_WARN_UNUSED_VARIABLE = YES;
				IPHONEOS_DEPLOYMENT_TARGET = 11.3;
				MTL_ENABLE_DEBUG_INFO = YES;
				ONLY_ACTIVE_ARCH = YES;
				SDKROOT = iphoneos;
				SWIFT_ACTIVE_COMPILATION_CONDITIONS = DEBUG;
				SWIFT_OPTIMIZATION_LEVEL = "-Onone";
			};
			name = Debug;
		};
		28DFAFEB20E4C421006CC025 /* Release */ = {
			isa = XCBuildConfiguration;
			buildSettings = {
				ALWAYS_SEARCH_USER_PATHS = NO;
				CLANG_ANALYZER_NONNULL = YES;
				CLANG_ANALYZER_NUMBER_OBJECT_CONVERSION = YES_AGGRESSIVE;
				CLANG_CXX_LANGUAGE_STANDARD = "gnu++14";
				CLANG_CXX_LIBRARY = "libc++";
				CLANG_ENABLE_MODULES = YES;
				CLANG_ENABLE_OBJC_ARC = YES;
				CLANG_ENABLE_OBJC_WEAK = YES;
				CLANG_WARN_BLOCK_CAPTURE_AUTORELEASING = YES;
				CLANG_WARN_BOOL_CONVERSION = YES;
				CLANG_WARN_COMMA = YES;
				CLANG_WARN_CONSTANT_CONVERSION = YES;
				CLANG_WARN_DEPRECATED_OBJC_IMPLEMENTATIONS = YES;
				CLANG_WARN_DIRECT_OBJC_ISA_USAGE = YES_ERROR;
				CLANG_WARN_DOCUMENTATION_COMMENTS = YES;
				CLANG_WARN_EMPTY_BODY = YES;
				CLANG_WARN_ENUM_CONVERSION = YES;
				CLANG_WARN_INFINITE_RECURSION = YES;
				CLANG_WARN_INT_CONVERSION = YES;
				CLANG_WARN_NON_LITERAL_NULL_CONVERSION = YES;
				CLANG_WARN_OBJC_IMPLICIT_RETAIN_SELF = YES;
				CLANG_WARN_OBJC_LITERAL_CONVERSION = YES;
				CLANG_WARN_OBJC_ROOT_CLASS = YES_ERROR;
				CLANG_WARN_RANGE_LOOP_ANALYSIS = YES;
				CLANG_WARN_STRICT_PROTOTYPES = YES;
				CLANG_WARN_SUSPICIOUS_MOVE = YES;
				CLANG_WARN_UNGUARDED_AVAILABILITY = YES_AGGRESSIVE;
				CLANG_WARN_UNREACHABLE_CODE = YES;
				CLANG_WARN__DUPLICATE_METHOD_MATCH = YES;
				CODE_SIGN_IDENTITY = "iPhone Developer";
				COPY_PHASE_STRIP = NO;
				DEBUG_INFORMATION_FORMAT = "dwarf-with-dsym";
				ENABLE_NS_ASSERTIONS = NO;
				ENABLE_STRICT_OBJC_MSGSEND = YES;
				GCC_C_LANGUAGE_STANDARD = gnu11;
				GCC_NO_COMMON_BLOCKS = YES;
				GCC_WARN_64_TO_32_BIT_CONVERSION = YES;
				GCC_WARN_ABOUT_RETURN_TYPE = YES_ERROR;
				GCC_WARN_UNDECLARED_SELECTOR = YES;
				GCC_WARN_UNINITIALIZED_AUTOS = YES_AGGRESSIVE;
				GCC_WARN_UNUSED_FUNCTION = YES;
				GCC_WARN_UNUSED_VARIABLE = YES;
				IPHONEOS_DEPLOYMENT_TARGET = 11.3;
				MTL_ENABLE_DEBUG_INFO = NO;
				SDKROOT = iphoneos;
				SWIFT_COMPILATION_MODE = wholemodule;
				SWIFT_OPTIMIZATION_LEVEL = "-O";
				VALIDATE_PRODUCT = YES;
			};
			name = Release;
		};
		28DFAFED20E4C421006CC025 /* Debug */ = {
			isa = XCBuildConfiguration;
			baseConfigurationReference = 6EF3AD27497FDFCB5B45F7EE /* Pods-DYYCycleView.debug.xcconfig */;
			buildSettings = {
				ASSETCATALOG_COMPILER_APPICON_NAME = AppIcon;
				CODE_SIGN_STYLE = Automatic;
				DEVELOPMENT_TEAM = 3284H893FZ;
				INFOPLIST_FILE = DYYCycleView/Info.plist;
				IPHONEOS_DEPLOYMENT_TARGET = 10.0;
				LD_RUNPATH_SEARCH_PATHS = (
					"$(inherited)",
					"@executable_path/Frameworks",
				);
				PRODUCT_BUNDLE_IDENTIFIER = dzc.DYYCycleView;
				PRODUCT_NAME = "$(TARGET_NAME)";
				SWIFT_VERSION = 4.0;
				TARGETED_DEVICE_FAMILY = "1,2";
			};
			name = Debug;
		};
		28DFAFEE20E4C421006CC025 /* Release */ = {
			isa = XCBuildConfiguration;
			baseConfigurationReference = A74D0F1CB68CD8AF0737D881 /* Pods-DYYCycleView.release.xcconfig */;
			buildSettings = {
				ASSETCATALOG_COMPILER_APPICON_NAME = AppIcon;
				CODE_SIGN_STYLE = Automatic;
				DEVELOPMENT_TEAM = 3284H893FZ;
				INFOPLIST_FILE = DYYCycleView/Info.plist;
				IPHONEOS_DEPLOYMENT_TARGET = 10.0;
				LD_RUNPATH_SEARCH_PATHS = (
					"$(inherited)",
					"@executable_path/Frameworks",
				);
				PRODUCT_BUNDLE_IDENTIFIER = dzc.DYYCycleView;
				PRODUCT_NAME = "$(TARGET_NAME)";
				SWIFT_VERSION = 4.0;
				TARGETED_DEVICE_FAMILY = "1,2";
			};
			name = Release;
		};
/* End XCBuildConfiguration section */

/* Begin XCConfigurationList section */
		28DFAFD520E4C41E006CC025 /* Build configuration list for PBXProject "DYYCycleView" */ = {
			isa = XCConfigurationList;
			buildConfigurations = (
				28DFAFEA20E4C421006CC025 /* Debug */,
				28DFAFEB20E4C421006CC025 /* Release */,
			);
			defaultConfigurationIsVisible = 0;
			defaultConfigurationName = Release;
		};
		28DFAFEC20E4C421006CC025 /* Build configuration list for PBXNativeTarget "DYYCycleView" */ = {
			isa = XCConfigurationList;
			buildConfigurations = (
				28DFAFED20E4C421006CC025 /* Debug */,
				28DFAFEE20E4C421006CC025 /* Release */,
			);
			defaultConfigurationIsVisible = 0;
			defaultConfigurationName = Release;
		};
/* End XCConfigurationList section */
	};
	rootObject = 28DFAFD220E4C41E006CC025 /* Project object */;
}
